
Microsoft Visual Studio Solution File, Format Version 12.00
# Visual Studio Version 17
VisualStudioVersion = 17.2.32616.157
MinimumVisualStudioVersion = 10.0.40219.1
Project("{9A19103F-16F7-4668-BE54-9A1E7A4F7556}") = "Server", "Server\Server.csproj", "{47E665FF-E4BF-4ED3-B25E-303599E5C72C}"
EndProject
Project("{9A19103F-16F7-4668-BE54-9A1E7A4F7556}") = "API", "API\API.csproj", "{6E3C529D-6E31-4DC2-A90E-8531BECBA2AC}"
EndProject
Project("{9A19103F-16F7-4668-BE54-9A1E7A4F7556}") = "Client", "Client\Client.csproj", "{575A9D0B-47E3-404B-954E-ECD618D96A30}"
EndProject
Project("{2150E333-8FDC-42A3-9474-1A3956D46DE8}") = "Solution Items", "Solution Items", "{4F12BCA3-0BE6-440E-8136-DAA0A28FEDFB}"
	ProjectSection(SolutionItems) = preProject
		readme.txt = readme.txt
	EndProjectSection
EndProject
Project("{FAE04EC0-301F-11D3-BF4B-00C04F79EFBC}") = "PostgreSQL", "PostgreSQL\PostgreSQL.csproj", "{FF0A75B6-D94E-4F04-BC22-72897FD9103F}"
EndProject
Project("{FAE04EC0-301F-11D3-BF4B-00C04F79EFBC}") = "Redis", "Redis\Redis.csproj", "{F08454DB-5CB6-4711-A1D9-F87A704D63ED}"
EndProject
Global
	GlobalSection(SolutionConfigurationPlatforms) = preSolution
		Debug|x64 = Debug|x64
		Debug|Any CPU = Debug|Any CPU
		Debug|x86 = Debug|x86
		Release|x64 = Release|x64
		Release|Any CPU = Release|Any CPU
		Release|x86 = Release|x86
	EndGlobalSection
	GlobalSection(ProjectConfigurationPlatforms) = postSolution
		{47E665FF-E4BF-4ED3-B25E-303599E5C72C}.Debug|x64.ActiveCfg = Debug|x64
		{47E665FF-E4BF-4ED3-B25E-303599E5C72C}.Debug|x64.Build.0 = Debug|x64
		{47E665FF-E4BF-4ED3-B25E-303599E5C72C}.Debug|Any CPU.ActiveCfg = Debug|Any CPU
		{47E665FF-E4BF-4ED3-B25E-303599E5C72C}.Debug|Any CPU.Build.0 = Debug|Any CPU
		{47E665FF-E4BF-4ED3-B25E-303599E5C72C}.Debug|x86.ActiveCfg = Debug|Any CPU
		{47E665FF-E4BF-4ED3-B25E-303599E5C72C}.Debug|x86.Build.0 = Debug|Any CPU
		{47E665FF-E4BF-4ED3-B25E-303599E5C72C}.Release|x64.ActiveCfg = Release|x64
		{47E665FF-E4BF-4ED3-B25E-303599E5C72C}.Release|x64.Build.0 = Release|x64
		{47E665FF-E4BF-4ED3-B25E-303599E5C72C}.Release|Any CPU.ActiveCfg = Release|Any CPU
		{47E665FF-E4BF-4ED3-B25E-303599E5C72C}.Release|Any CPU.Build.0 = Release|Any CPU
		{47E665FF-E4BF-4ED3-B25E-303599E5C72C}.Release|x86.ActiveCfg = Release|Any CPU
		{47E665FF-E4BF-4ED3-B25E-303599E5C72C}.Release|x86.Build.0 = Release|Any CPU
		{6E3C529D-6E31-4DC2-A90E-8531BECBA2AC}.Debug|x64.ActiveCfg = Debug|x64
		{6E3C529D-6E31-4DC2-A90E-8531BECBA2AC}.Debug|x64.Build.0 = Debug|x64
		{6E3C529D-6E31-4DC2-A90E-8531BECBA2AC}.Debug|Any CPU.ActiveCfg = Debug|Any CPU
		{6E3C529D-6E31-4DC2-A90E-8531BECBA2AC}.Debug|Any CPU.Build.0 = Debug|Any CPU
		{6E3C529D-6E31-4DC2-A90E-8531BECBA2AC}.Debug|x86.ActiveCfg = Debug|Any CPU
		{6E3C529D-6E31-4DC2-A90E-8531BECBA2AC}.Debug|x86.Build.0 = Debug|Any CPU
		{6E3C529D-6E31-4DC2-A90E-8531BECBA2AC}.Release|x64.ActiveCfg = Release|x64
		{6E3C529D-6E31-4DC2-A90E-8531BECBA2AC}.Release|x64.Build.0 = Release|x64
		{6E3C529D-6E31-4DC2-A90E-8531BECBA2AC}.Release|Any CPU.ActiveCfg = Release|Any CPU
		{6E3C529D-6E31-4DC2-A90E-8531BECBA2AC}.Release|Any CPU.Build.0 = Release|Any CPU
		{6E3C529D-6E31-4DC2-A90E-8531BECBA2AC}.Release|x86.ActiveCfg = Release|Any CPU
		{6E3C529D-6E31-4DC2-A90E-8531BECBA2AC}.Release|x86.Build.0 = Release|Any CPU
		{575A9D0B-47E3-404B-954E-ECD618D96A30}.Debug|x64.ActiveCfg = Debug|x64
		{575A9D0B-47E3-404B-954E-ECD618D96A30}.Debug|x64.Build.0 = Debug|x64
		{575A9D0B-47E3-404B-954E-ECD618D96A30}.Debug|Any CPU.ActiveCfg = Debug|Any CPU
		{575A9D0B-47E3-404B-954E-ECD618D96A30}.Debug|Any CPU.Build.0 = Debug|Any CPU
		{575A9D0B-47E3-404B-954E-ECD618D96A30}.Debug|x86.ActiveCfg = Debug|Any CPU
		{575A9D0B-47E3-404B-954E-ECD618D96A30}.Debug|x86.Build.0 = Debug|Any CPU
		{575A9D0B-47E3-404B-954E-ECD618D96A30}.Release|x64.ActiveCfg = Release|x64
		{575A9D0B-47E3-404B-954E-ECD618D96A30}.Release|x64.Build.0 = Release|x64
		{575A9D0B-47E3-404B-954E-ECD618D96A30}.Release|Any CPU.ActiveCfg = Release|Any CPU
		{575A9D0B-47E3-404B-954E-ECD618D96A30}.Release|Any CPU.Build.0 = Release|Any CPU
		{575A9D0B-47E3-404B-954E-ECD618D96A30}.Release|x86.ActiveCfg = Release|Any CPU
		{575A9D0B-47E3-404B-954E-ECD618D96A30}.Release|x86.Build.0 = Release|Any CPU
		{FF0A75B6-D94E-4F04-BC22-72897FD9103F}.Debug|x64.ActiveCfg = Debug|Any CPU
		{FF0A75B6-D94E-4F04-BC22-72897FD9103F}.Debug|x64.Build.0 = Debug|Any CPU
		{FF0A75B6-D94E-4F04-BC22-72897FD9103F}.Debug|Any CPU.ActiveCfg = Debug|Any CPU
		{FF0A75B6-D94E-4F04-BC22-72897FD9103F}.Debug|Any CPU.Build.0 = Debug|Any CPU
		{FF0A75B6-D94E-4F04-BC22-72897FD9103F}.Debug|x86.ActiveCfg = Debug|Any CPU
		{FF0A75B6-D94E-4F04-BC22-72897FD9103F}.Debug|x86.Build.0 = Debug|Any CPU
		{FF0A75B6-D94E-4F04-BC22-72897FD9103F}.Release|x64.ActiveCfg = Release|Any CPU
		{FF0A75B6-D94E-4F04-BC22-72897FD9103F}.Release|x64.Build.0 = Release|Any CPU
		{FF0A75B6-D94E-4F04-BC22-72897FD9103F}.Release|Any CPU.ActiveCfg = Release|Any CPU
		{FF0A75B6-D94E-4F04-BC22-72897FD9103F}.Release|Any CPU.Build.0 = Release|Any CPU
		{FF0A75B6-D94E-4F04-BC22-72897FD9103F}.Release|x86.ActiveCfg = Release|Any CPU
		{FF0A75B6-D94E-4F04-BC22-72897FD9103F}.Release|x86.Build.0 = Release|Any CPU
		{F08454DB-5CB6-4711-A1D9-F87A704D63ED}.Debug|x64.ActiveCfg = Debug|Any CPU
		{F08454DB-5CB6-4711-A1D9-F87A704D63ED}.Debug|x64.Build.0 = Debug|Any CPU
		{F08454DB-5CB6-4711-A1D9-F87A704D63ED}.Debug|Any CPU.ActiveCfg = Debug|Any CPU
		{F08454DB-5CB6-4711-A1D9-F87A704D63ED}.Debug|Any CPU.Build.0 = Debug|Any CPU
		{F08454DB-5CB6-4711-A1D9-F87A704D63ED}.Debug|x86.ActiveCfg = Debug|Any CPU
		{F08454DB-5CB6-4711-A1D9-F87A704D63ED}.Debug|x86.Build.0 = Debug|Any CPU
		{F08454DB-5CB6-4711-A1D9-F87A704D63ED}.Release|x64.ActiveCfg = Release|Any CPU
		{F08454DB-5CB6-4711-A1D9-F87A704D63ED}.Release|x64.Build.0 = Release|Any CPU
		{F08454DB-5CB6-4711-A1D9-F87A704D63ED}.Release|Any CPU.ActiveCfg = Release|Any CPU
		{F08454DB-5CB6-4711-A1D9-F87A704D63ED}.Release|Any CPU.Build.0 = Release|Any CPU
		{F08454DB-5CB6-4711-A1D9-F87A704D63ED}.Release|x86.ActiveCfg = Release|Any CPU
		{F08454DB-5CB6-4711-A1D9-F87A704D63ED}.Release|x86.Build.0 = Release|Any CPU
	EndGlobalSection
	GlobalSection(SolutionProperties) = preSolution
		HideSolutionNode = FALSE
	EndGlobalSection
	GlobalSection(ExtensibilityGlobals) = postSolution
		SolutionGuid = {56D26282-C6E2-425A-A858-60311F37AE9E}
	EndGlobalSection
EndGlobal
